<Solution>
  <Folder Name="/src/">
    <Project Path="src/HotelManagement.Api/HotelManagement.Api.csproj" />
    <Project Path="src/HotelManagement.Model/HotelManagement.Model.csproj" />
    <Project Path="src/HotelManagement.Repository/HotelManagement.Repository.csproj" />
    <Project Path="src/HotelManagement.Service/HotelManagement.Service.csproj" />
  </Folder>
  <Folder Name="/tests/">
    <Project Path="tests/HotelManagement.Tests/HotelManagement.Tests.csproj" />
  </Folder>
</Solution>
